PODS:
  - Firebase/Auth (4.2.0):
    - Firebase/Core
    - FirebaseAuth (= 4.2.0)
  - Firebase/Core (4.2.0):
    - FirebaseAnalytics (= 4.0.3)
    - FirebaseCore (= 4.0.7)
  - FirebaseAnalytics (4.0.3):
    - FirebaseCore (~> 4.0)
    - FirebaseInstanceID (~> 2.0)
    - GoogleToolboxForMac/NSData+zlib (~> 2.1)
    - nanopb (~> 0.3)
  - FirebaseAuth (4.2.0):
    - FirebaseAnalytics (~> 4.0)
    - GoogleToolboxForMac/NSDictionary+URLArguments (~> 2.1)
    - GTMSessionFetcher/Core (~> 1.1)
  - FirebaseCore (4.0.7):
    - GoogleToolboxForMac/NSData+zlib (~> 2.1)
    - nanopb (~> 0.3)
  - FirebaseInstanceID (2.0.3)
  - GoogleToolboxForMac/DebugUtils (2.1.1):
    - GoogleToolboxForMac/Defines (= 2.1.1)
  - GoogleToolboxForMac/Defines (2.1.1)
  - GoogleToolboxForMac/NSData+zlib (2.1.1):
    - GoogleToolboxForMac/Defines (= 2.1.1)
  - GoogleToolboxForMac/NSDictionary+URLArguments (2.1.1):
    - GoogleToolboxForMac/DebugUtils (= 2.1.1)
    - GoogleToolboxForMac/Defines (= 2.1.1)
    - GoogleToolboxForMac/NSString+URLArguments (= 2.1.1)
  - GoogleToolboxForMac/NSString+URLArguments (2.1.1)
  - GTMSessionFetcher/Core (1.1.11)
  - KIF/Core (3.6.0)
  - KIF/IdentifierTests (3.6.0):
    - KIF/Core
  - nanopb (0.3.8):
    - nanopb/decode (= 0.3.8)
    - nanopb/encode (= 0.3.8)
  - nanopb/decode (0.3.8)
  - nanopb/encode (0.3.8)
  - Nimble (7.0.1)
  - Quick (1.1.0)

DEPENDENCIES:
  - Firebase/Auth
  - Firebase/Core
  - KIF/IdentifierTests
  - Nimble (from `https://github.com/Quick/Nimble`)
  - Quick (from `https://github.com/Quick/Quick`)

EXTERNAL SOURCES:
  Nimble:
    :git: https://github.com/Quick/Nimble
  Quick:
    :git: https://github.com/Quick/Quick

CHECKOUT OPTIONS:
  Nimble:
    :commit: a63252b16eba6cdebec4e4936388c90552165a68
    :git: https://github.com/Quick/Nimble
  Quick:
    :commit: 3665ae9570b682a562df847cccbb46811864676a
    :git: https://github.com/Quick/Quick

SPEC CHECKSUMS:
  Firebase: 9548cae14d69718add12d75a5b312893f7ef89c7
  FirebaseAnalytics: 76f754d37ca5b04f36856729b6af3ca0152d1069
  FirebaseAuth: 22f8a5170f31d1f111141950590f071f35df3229
  FirebaseCore: 9a6cc1e3eaf75905390f9220596ad4fd8f92faee
  FirebaseInstanceID: a4fc702b5a026f7322964376047f1a3f1f7cc6ff
  GoogleToolboxForMac: 8e329f1b599f2512c6b10676d45736bcc2cbbeb0
  GTMSessionFetcher: 5ad62e8200fa00ed011fe5e08d27fef72c5b1429
  KIF: bd770edd8ce49bc7308501e4871e58a02d137be3
  nanopb: 5601e6bca2dbf1ed831b519092ec110f66982ca3
  Nimble: 1b6670c36e5750169b9e4cc2e9cfa82a7603c69e
  Quick: 4700beb8056662b579facd79eaca7f04fb3d48e6

PODFILE CHECKSUM: 9f5df2a64d9ce75665784d9322b4647cc07c10f1

COCOAPODS: 1.3.1
